
Microsoft Visual Studio Solution File, Format Version 12.00
# Visual Studio Version 16
VisualStudioVersion = 16.0.30621.155
MinimumVisualStudioVersion = 10.0.40219.1
Project("{8BC9CEB8-8B4A-11D0-8D11-00A0C91BC942}") = "3_BasicInputOutput", "3_BasicInputOutput\3_BasicInputOutput.vcxproj", "{E47A66C8-E893-45C9-A2C6-10F6512AF797}"
EndProject
Project("{8BC9CEB8-8B4A-11D0-8D11-00A0C91BC942}") = "4_FlowControl", "4_FlowControl\4_FlowControl.vcxproj", "{D03BA572-8C7E-466A-A29B-638621BF54B4}"
EndProject
Project("{8BC9CEB8-8B4A-11D0-8D11-00A0C91BC942}") = "5_Functions", "5_Functions\5_Functions.vcxproj", "{1C167121-8992-425F-9F32-C3BD87F6A602}"
EndProject
Project("{8BC9CEB8-8B4A-11D0-8D11-00A0C91BC942}") = "6_Scopes", "6_Scopes\6_Scopes.vcxproj", "{9576E8A3-8A34-42DE-8DA7-3E12C6B2196C}"
EndProject
Project("{8BC9CEB8-8B4A-11D0-8D11-00A0C91BC942}") = "0_HelloWorld", "0_HelloWorld\HelloWorld.vcxproj", "{0C5EB79D-44BA-4E8B-B796-6FFE62EF3F89}"
EndProject
Project("{8BC9CEB8-8B4A-11D0-8D11-00A0C91BC942}") = "1_VariablesAndTypes", "1_VariablesAndTypes\VariablesAndTypes.vcxproj", "{42433585-A13F-4D2C-B02E-73ECDCDACF18}"
EndProject
Project("{8BC9CEB8-8B4A-11D0-8D11-00A0C91BC942}") = "2_Operators", "2_Operators\Operators.vcxproj", "{EABFB886-C4AA-4EA5-9E08-49A766EBEFAE}"
EndProject
Project("{8BC9CEB8-8B4A-11D0-8D11-00A0C91BC942}") = "7_Arrays", "7_Arrays\7_Arrays.vcxproj", "{412959E1-D0A9-49A1-9719-8DC5FB19A565}"
EndProject
Project("{8BC9CEB8-8B4A-11D0-8D11-00A0C91BC942}") = "8_Pointers", "8_Pointers\8_Pointers.vcxproj", "{10173FF5-B906-4806-9675-C63086AF36BB}"
EndProject
Project("{8BC9CEB8-8B4A-11D0-8D11-00A0C91BC942}") = "9_DynamicMemory", "9_DynamicMemory\9_DynamicMemory.vcxproj", "{19E3FBE6-BB9E-4F1C-93B2-7F3E88BC8505}"
EndProject
Project("{8BC9CEB8-8B4A-11D0-8D11-00A0C91BC942}") = "Classes_1_Basics", "Classes_1_Basics\Classes_Basics.vcxproj", "{33BF7D4C-28EF-4E6E-81D3-4A1334F72216}"
EndProject
Project("{8BC9CEB8-8B4A-11D0-8D11-00A0C91BC942}") = "Classes_2_InlineStatic", "Classes_2_InlineStatic\Classes_2_InlineStatic.vcxproj", "{1A88D61E-8583-423E-8486-DD3C8FC9C669}"
EndProject
Project("{8BC9CEB8-8B4A-11D0-8D11-00A0C91BC942}") = "Classes_1_Basics_HOMEWORK", "Classes_1_Basics_HOMEWORK\Classes_1_Basics_HOMEWORK.vcxproj", "{4D661B34-FA48-4521-80FC-71E5EC4888BD}"
EndProject
Project("{8BC9CEB8-8B4A-11D0-8D11-00A0C91BC942}") = "Classes_3_OperatorsOverloading", "Classes_3_OperatorsOverloading\Classes_3_OperatorsOverloading.vcxproj", "{71A8F952-0DF5-4A6B-8142-0CDB10E3456F}"
EndProject
Project("{8BC9CEB8-8B4A-11D0-8D11-00A0C91BC942}") = "Classes_3_OperatorsAndCopyConstructor", "Classes_3_OperatorsAndCopyConstructor\Classes_3_OperatorsAndCopyConstructor.vcxproj", "{7FF249AD-7A8E-4D2B-9F5A-D4B6A880D65C}"
EndProject
Project("{8BC9CEB8-8B4A-11D0-8D11-00A0C91BC942}") = "Classes_4_InheritanceAccessSpecifiers", "Classes_4_InheritanceAccessSpecifiers\Classes_4_InheritanceAccessSpecifiers.vcxproj", "{E7841258-3D48-4297-8230-E0C47002E86F}"
EndProject
Project("{8BC9CEB8-8B4A-11D0-8D11-00A0C91BC942}") = "Classes_4_InheritanceBasics", "Classes_4_InheritanceBasics\Classes_4_InheritanceBasics.vcxproj", "{6E43AF84-251D-4C5B-B763-889607C2293D}"
EndProject
Project("{8BC9CEB8-8B4A-11D0-8D11-00A0C91BC942}") = "Classes_3_ArrayOfObjectsOperatorsIO", "Classes_3_ArrayOfObjectsOperatorsIO\Classes_3_ArrayOfObjectsOperatorsIO.vcxproj", "{FF6DB9D8-24C8-4FC3-9058-AEC6E6A5E5E0}"
EndProject
Project("{8BC9CEB8-8B4A-11D0-8D11-00A0C91BC942}") = "Classes_4_VirtualFunctions", "Classes_4_VirtualFunctions\Classes_4_VirtualFunctions.vcxproj", "{5E2C18EF-9FBA-40B1-843E-6EFC5285DA9D}"
EndProject
Project("{8BC9CEB8-8B4A-11D0-8D11-00A0C91BC942}") = "Classes_4_AbstractClasses", "Classes_4_AbstractClasses\Classes_4_AbstractClasses.vcxproj", "{5E0FEC98-EB1F-4A16-A0B9-C564E7451CEC}"
EndProject
Project("{8BC9CEB8-8B4A-11D0-8D11-00A0C91BC942}") = "Classes_5_Templates", "Classes_5_Templates\Classes_5_Templates.vcxproj", "{A6EB630C-D3B7-461D-A0F6-D15BBD1BEA1A}"
EndProject
Global
	GlobalSection(SolutionConfigurationPlatforms) = preSolution
		Debug|x64 = Debug|x64
		Debug|x86 = Debug|x86
		Release|x64 = Release|x64
		Release|x86 = Release|x86
	EndGlobalSection
	GlobalSection(ProjectConfigurationPlatforms) = postSolution
		{E47A66C8-E893-45C9-A2C6-10F6512AF797}.Debug|x64.ActiveCfg = Debug|x64
		{E47A66C8-E893-45C9-A2C6-10F6512AF797}.Debug|x64.Build.0 = Debug|x64
		{E47A66C8-E893-45C9-A2C6-10F6512AF797}.Debug|x86.ActiveCfg = Debug|Win32
		{E47A66C8-E893-45C9-A2C6-10F6512AF797}.Debug|x86.Build.0 = Debug|Win32
		{E47A66C8-E893-45C9-A2C6-10F6512AF797}.Release|x64.ActiveCfg = Release|x64
		{E47A66C8-E893-45C9-A2C6-10F6512AF797}.Release|x64.Build.0 = Release|x64
		{E47A66C8-E893-45C9-A2C6-10F6512AF797}.Release|x86.ActiveCfg = Release|Win32
		{E47A66C8-E893-45C9-A2C6-10F6512AF797}.Release|x86.Build.0 = Release|Win32
		{D03BA572-8C7E-466A-A29B-638621BF54B4}.Debug|x64.ActiveCfg = Debug|x64
		{D03BA572-8C7E-466A-A29B-638621BF54B4}.Debug|x64.Build.0 = Debug|x64
		{D03BA572-8C7E-466A-A29B-638621BF54B4}.Debug|x86.ActiveCfg = Debug|Win32
		{D03BA572-8C7E-466A-A29B-638621BF54B4}.Debug|x86.Build.0 = Debug|Win32
		{D03BA572-8C7E-466A-A29B-638621BF54B4}.Release|x64.ActiveCfg = Release|x64
		{D03BA572-8C7E-466A-A29B-638621BF54B4}.Release|x64.Build.0 = Release|x64
		{D03BA572-8C7E-466A-A29B-638621BF54B4}.Release|x86.ActiveCfg = Release|Win32
		{D03BA572-8C7E-466A-A29B-638621BF54B4}.Release|x86.Build.0 = Release|Win32
		{1C167121-8992-425F-9F32-C3BD87F6A602}.Debug|x64.ActiveCfg = Debug|x64
		{1C167121-8992-425F-9F32-C3BD87F6A602}.Debug|x64.Build.0 = Debug|x64
		{1C167121-8992-425F-9F32-C3BD87F6A602}.Debug|x86.ActiveCfg = Debug|Win32
		{1C167121-8992-425F-9F32-C3BD87F6A602}.Debug|x86.Build.0 = Debug|Win32
		{1C167121-8992-425F-9F32-C3BD87F6A602}.Release|x64.ActiveCfg = Release|x64
		{1C167121-8992-425F-9F32-C3BD87F6A602}.Release|x64.Build.0 = Release|x64
		{1C167121-8992-425F-9F32-C3BD87F6A602}.Release|x86.ActiveCfg = Release|Win32
		{1C167121-8992-425F-9F32-C3BD87F6A602}.Release|x86.Build.0 = Release|Win32
		{9576E8A3-8A34-42DE-8DA7-3E12C6B2196C}.Debug|x64.ActiveCfg = Debug|x64
		{9576E8A3-8A34-42DE-8DA7-3E12C6B2196C}.Debug|x64.Build.0 = Debug|x64
		{9576E8A3-8A34-42DE-8DA7-3E12C6B2196C}.Debug|x86.ActiveCfg = Debug|Win32
		{9576E8A3-8A34-42DE-8DA7-3E12C6B2196C}.Debug|x86.Build.0 = Debug|Win32
		{9576E8A3-8A34-42DE-8DA7-3E12C6B2196C}.Release|x64.ActiveCfg = Release|x64
		{9576E8A3-8A34-42DE-8DA7-3E12C6B2196C}.Release|x64.Build.0 = Release|x64
		{9576E8A3-8A34-42DE-8DA7-3E12C6B2196C}.Release|x86.ActiveCfg = Release|Win32
		{9576E8A3-8A34-42DE-8DA7-3E12C6B2196C}.Release|x86.Build.0 = Release|Win32
		{0C5EB79D-44BA-4E8B-B796-6FFE62EF3F89}.Debug|x64.ActiveCfg = Debug|x64
		{0C5EB79D-44BA-4E8B-B796-6FFE62EF3F89}.Debug|x64.Build.0 = Debug|x64
		{0C5EB79D-44BA-4E8B-B796-6FFE62EF3F89}.Debug|x86.ActiveCfg = Debug|Win32
		{0C5EB79D-44BA-4E8B-B796-6FFE62EF3F89}.Debug|x86.Build.0 = Debug|Win32
		{0C5EB79D-44BA-4E8B-B796-6FFE62EF3F89}.Release|x64.ActiveCfg = Release|x64
		{0C5EB79D-44BA-4E8B-B796-6FFE62EF3F89}.Release|x64.Build.0 = Release|x64
		{0C5EB79D-44BA-4E8B-B796-6FFE62EF3F89}.Release|x86.ActiveCfg = Release|Win32
		{0C5EB79D-44BA-4E8B-B796-6FFE62EF3F89}.Release|x86.Build.0 = Release|Win32
		{42433585-A13F-4D2C-B02E-73ECDCDACF18}.Debug|x64.ActiveCfg = Debug|x64
		{42433585-A13F-4D2C-B02E-73ECDCDACF18}.Debug|x64.Build.0 = Debug|x64
		{42433585-A13F-4D2C-B02E-73ECDCDACF18}.Debug|x86.ActiveCfg = Debug|Win32
		{42433585-A13F-4D2C-B02E-73ECDCDACF18}.Debug|x86.Build.0 = Debug|Win32
		{42433585-A13F-4D2C-B02E-73ECDCDACF18}.Release|x64.ActiveCfg = Release|x64
		{42433585-A13F-4D2C-B02E-73ECDCDACF18}.Release|x64.Build.0 = Release|x64
		{42433585-A13F-4D2C-B02E-73ECDCDACF18}.Release|x86.ActiveCfg = Release|Win32
		{42433585-A13F-4D2C-B02E-73ECDCDACF18}.Release|x86.Build.0 = Release|Win32
		{EABFB886-C4AA-4EA5-9E08-49A766EBEFAE}.Debug|x64.ActiveCfg = Debug|x64
		{EABFB886-C4AA-4EA5-9E08-49A766EBEFAE}.Debug|x64.Build.0 = Debug|x64
		{EABFB886-C4AA-4EA5-9E08-49A766EBEFAE}.Debug|x86.ActiveCfg = Debug|Win32
		{EABFB886-C4AA-4EA5-9E08-49A766EBEFAE}.Debug|x86.Build.0 = Debug|Win32
		{EABFB886-C4AA-4EA5-9E08-49A766EBEFAE}.Release|x64.ActiveCfg = Release|x64
		{EABFB886-C4AA-4EA5-9E08-49A766EBEFAE}.Release|x64.Build.0 = Release|x64
		{EABFB886-C4AA-4EA5-9E08-49A766EBEFAE}.Release|x86.ActiveCfg = Release|Win32
		{EABFB886-C4AA-4EA5-9E08-49A766EBEFAE}.Release|x86.Build.0 = Release|Win32
		{412959E1-D0A9-49A1-9719-8DC5FB19A565}.Debug|x64.ActiveCfg = Debug|x64
		{412959E1-D0A9-49A1-9719-8DC5FB19A565}.Debug|x64.Build.0 = Debug|x64
		{412959E1-D0A9-49A1-9719-8DC5FB19A565}.Debug|x86.ActiveCfg = Debug|Win32
		{412959E1-D0A9-49A1-9719-8DC5FB19A565}.Debug|x86.Build.0 = Debug|Win32
		{412959E1-D0A9-49A1-9719-8DC5FB19A565}.Release|x64.ActiveCfg = Release|x64
		{412959E1-D0A9-49A1-9719-8DC5FB19A565}.Release|x64.Build.0 = Release|x64
		{412959E1-D0A9-49A1-9719-8DC5FB19A565}.Release|x86.ActiveCfg = Release|Win32
		{412959E1-D0A9-49A1-9719-8DC5FB19A565}.Release|x86.Build.0 = Release|Win32
		{10173FF5-B906-4806-9675-C63086AF36BB}.Debug|x64.ActiveCfg = Debug|x64
		{10173FF5-B906-4806-9675-C63086AF36BB}.Debug|x64.Build.0 = Debug|x64
		{10173FF5-B906-4806-9675-C63086AF36BB}.Debug|x86.ActiveCfg = Debug|Win32
		{10173FF5-B906-4806-9675-C63086AF36BB}.Debug|x86.Build.0 = Debug|Win32
		{10173FF5-B906-4806-9675-C63086AF36BB}.Release|x64.ActiveCfg = Release|x64
		{10173FF5-B906-4806-9675-C63086AF36BB}.Release|x64.Build.0 = Release|x64
		{10173FF5-B906-4806-9675-C63086AF36BB}.Release|x86.ActiveCfg = Release|Win32
		{10173FF5-B906-4806-9675-C63086AF36BB}.Release|x86.Build.0 = Release|Win32
		{19E3FBE6-BB9E-4F1C-93B2-7F3E88BC8505}.Debug|x64.ActiveCfg = Debug|x64
		{19E3FBE6-BB9E-4F1C-93B2-7F3E88BC8505}.Debug|x64.Build.0 = Debug|x64
		{19E3FBE6-BB9E-4F1C-93B2-7F3E88BC8505}.Debug|x86.ActiveCfg = Debug|Win32
		{19E3FBE6-BB9E-4F1C-93B2-7F3E88BC8505}.Debug|x86.Build.0 = Debug|Win32
		{19E3FBE6-BB9E-4F1C-93B2-7F3E88BC8505}.Release|x64.ActiveCfg = Release|x64
		{19E3FBE6-BB9E-4F1C-93B2-7F3E88BC8505}.Release|x64.Build.0 = Release|x64
		{19E3FBE6-BB9E-4F1C-93B2-7F3E88BC8505}.Release|x86.ActiveCfg = Release|Win32
		{19E3FBE6-BB9E-4F1C-93B2-7F3E88BC8505}.Release|x86.Build.0 = Release|Win32
		{33BF7D4C-28EF-4E6E-81D3-4A1334F72216}.Debug|x64.ActiveCfg = Debug|x64
		{33BF7D4C-28EF-4E6E-81D3-4A1334F72216}.Debug|x64.Build.0 = Debug|x64
		{33BF7D4C-28EF-4E6E-81D3-4A1334F72216}.Debug|x86.ActiveCfg = Debug|Win32
		{33BF7D4C-28EF-4E6E-81D3-4A1334F72216}.Debug|x86.Build.0 = Debug|Win32
		{33BF7D4C-28EF-4E6E-81D3-4A1334F72216}.Release|x64.ActiveCfg = Release|x64
		{33BF7D4C-28EF-4E6E-81D3-4A1334F72216}.Release|x64.Build.0 = Release|x64
		{33BF7D4C-28EF-4E6E-81D3-4A1334F72216}.Release|x86.ActiveCfg = Release|Win32
		{33BF7D4C-28EF-4E6E-81D3-4A1334F72216}.Release|x86.Build.0 = Release|Win32
		{1A88D61E-8583-423E-8486-DD3C8FC9C669}.Debug|x64.ActiveCfg = Debug|x64
		{1A88D61E-8583-423E-8486-DD3C8FC9C669}.Debug|x64.Build.0 = Debug|x64
		{1A88D61E-8583-423E-8486-DD3C8FC9C669}.Debug|x86.ActiveCfg = Debug|Win32
		{1A88D61E-8583-423E-8486-DD3C8FC9C669}.Debug|x86.Build.0 = Debug|Win32
		{1A88D61E-8583-423E-8486-DD3C8FC9C669}.Release|x64.ActiveCfg = Release|x64
		{1A88D61E-8583-423E-8486-DD3C8FC9C669}.Release|x64.Build.0 = Release|x64
		{1A88D61E-8583-423E-8486-DD3C8FC9C669}.Release|x86.ActiveCfg = Release|Win32
		{1A88D61E-8583-423E-8486-DD3C8FC9C669}.Release|x86.Build.0 = Release|Win32
		{4D661B34-FA48-4521-80FC-71E5EC4888BD}.Debug|x64.ActiveCfg = Debug|x64
		{4D661B34-FA48-4521-80FC-71E5EC4888BD}.Debug|x64.Build.0 = Debug|x64
		{4D661B34-FA48-4521-80FC-71E5EC4888BD}.Debug|x86.ActiveCfg = Debug|Win32
		{4D661B34-FA48-4521-80FC-71E5EC4888BD}.Debug|x86.Build.0 = Debug|Win32
		{4D661B34-FA48-4521-80FC-71E5EC4888BD}.Release|x64.ActiveCfg = Release|x64
		{4D661B34-FA48-4521-80FC-71E5EC4888BD}.Release|x64.Build.0 = Release|x64
		{4D661B34-FA48-4521-80FC-71E5EC4888BD}.Release|x86.ActiveCfg = Release|Win32
		{4D661B34-FA48-4521-80FC-71E5EC4888BD}.Release|x86.Build.0 = Release|Win32
		{71A8F952-0DF5-4A6B-8142-0CDB10E3456F}.Debug|x64.ActiveCfg = Debug|x64
		{71A8F952-0DF5-4A6B-8142-0CDB10E3456F}.Debug|x64.Build.0 = Debug|x64
		{71A8F952-0DF5-4A6B-8142-0CDB10E3456F}.Debug|x86.ActiveCfg = Debug|Win32
		{71A8F952-0DF5-4A6B-8142-0CDB10E3456F}.Debug|x86.Build.0 = Debug|Win32
		{71A8F952-0DF5-4A6B-8142-0CDB10E3456F}.Release|x64.ActiveCfg = Release|x64
		{71A8F952-0DF5-4A6B-8142-0CDB10E3456F}.Release|x64.Build.0 = Release|x64
		{71A8F952-0DF5-4A6B-8142-0CDB10E3456F}.Release|x86.ActiveCfg = Release|Win32
		{71A8F952-0DF5-4A6B-8142-0CDB10E3456F}.Release|x86.Build.0 = Release|Win32
		{7FF249AD-7A8E-4D2B-9F5A-D4B6A880D65C}.Debug|x64.ActiveCfg = Debug|x64
		{7FF249AD-7A8E-4D2B-9F5A-D4B6A880D65C}.Debug|x64.Build.0 = Debug|x64
		{7FF249AD-7A8E-4D2B-9F5A-D4B6A880D65C}.Debug|x86.ActiveCfg = Debug|Win32
		{7FF249AD-7A8E-4D2B-9F5A-D4B6A880D65C}.Debug|x86.Build.0 = Debug|Win32
		{7FF249AD-7A8E-4D2B-9F5A-D4B6A880D65C}.Release|x64.ActiveCfg = Release|x64
		{7FF249AD-7A8E-4D2B-9F5A-D4B6A880D65C}.Release|x64.Build.0 = Release|x64
		{7FF249AD-7A8E-4D2B-9F5A-D4B6A880D65C}.Release|x86.ActiveCfg = Release|Win32
		{7FF249AD-7A8E-4D2B-9F5A-D4B6A880D65C}.Release|x86.Build.0 = Release|Win32
		{E7841258-3D48-4297-8230-E0C47002E86F}.Debug|x64.ActiveCfg = Debug|x64
		{E7841258-3D48-4297-8230-E0C47002E86F}.Debug|x64.Build.0 = Debug|x64
		{E7841258-3D48-4297-8230-E0C47002E86F}.Debug|x86.ActiveCfg = Debug|Win32
		{E7841258-3D48-4297-8230-E0C47002E86F}.Debug|x86.Build.0 = Debug|Win32
		{E7841258-3D48-4297-8230-E0C47002E86F}.Release|x64.ActiveCfg = Release|x64
		{E7841258-3D48-4297-8230-E0C47002E86F}.Release|x64.Build.0 = Release|x64
		{E7841258-3D48-4297-8230-E0C47002E86F}.Release|x86.ActiveCfg = Release|Win32
		{E7841258-3D48-4297-8230-E0C47002E86F}.Release|x86.Build.0 = Release|Win32
		{6E43AF84-251D-4C5B-B763-889607C2293D}.Debug|x64.ActiveCfg = Debug|x64
		{6E43AF84-251D-4C5B-B763-889607C2293D}.Debug|x64.Build.0 = Debug|x64
		{6E43AF84-251D-4C5B-B763-889607C2293D}.Debug|x86.ActiveCfg = Debug|Win32
		{6E43AF84-251D-4C5B-B763-889607C2293D}.Debug|x86.Build.0 = Debug|Win32
		{6E43AF84-251D-4C5B-B763-889607C2293D}.Release|x64.ActiveCfg = Release|x64
		{6E43AF84-251D-4C5B-B763-889607C2293D}.Release|x64.Build.0 = Release|x64
		{6E43AF84-251D-4C5B-B763-889607C2293D}.Release|x86.ActiveCfg = Release|Win32
		{6E43AF84-251D-4C5B-B763-889607C2293D}.Release|x86.Build.0 = Release|Win32
		{FF6DB9D8-24C8-4FC3-9058-AEC6E6A5E5E0}.Debug|x64.ActiveCfg = Debug|x64
		{FF6DB9D8-24C8-4FC3-9058-AEC6E6A5E5E0}.Debug|x64.Build.0 = Debug|x64
		{FF6DB9D8-24C8-4FC3-9058-AEC6E6A5E5E0}.Debug|x86.ActiveCfg = Debug|Win32
		{FF6DB9D8-24C8-4FC3-9058-AEC6E6A5E5E0}.Debug|x86.Build.0 = Debug|Win32
		{FF6DB9D8-24C8-4FC3-9058-AEC6E6A5E5E0}.Release|x64.ActiveCfg = Release|x64
		{FF6DB9D8-24C8-4FC3-9058-AEC6E6A5E5E0}.Release|x64.Build.0 = Release|x64
		{FF6DB9D8-24C8-4FC3-9058-AEC6E6A5E5E0}.Release|x86.ActiveCfg = Release|Win32
		{FF6DB9D8-24C8-4FC3-9058-AEC6E6A5E5E0}.Release|x86.Build.0 = Release|Win32
		{5E2C18EF-9FBA-40B1-843E-6EFC5285DA9D}.Debug|x64.ActiveCfg = Debug|x64
		{5E2C18EF-9FBA-40B1-843E-6EFC5285DA9D}.Debug|x64.Build.0 = Debug|x64
		{5E2C18EF-9FBA-40B1-843E-6EFC5285DA9D}.Debug|x86.ActiveCfg = Debug|Win32
		{5E2C18EF-9FBA-40B1-843E-6EFC5285DA9D}.Debug|x86.Build.0 = Debug|Win32
		{5E2C18EF-9FBA-40B1-843E-6EFC5285DA9D}.Release|x64.ActiveCfg = Release|x64
		{5E2C18EF-9FBA-40B1-843E-6EFC5285DA9D}.Release|x64.Build.0 = Release|x64
		{5E2C18EF-9FBA-40B1-843E-6EFC5285DA9D}.Release|x86.ActiveCfg = Release|Win32
		{5E2C18EF-9FBA-40B1-843E-6EFC5285DA9D}.Release|x86.Build.0 = Release|Win32
		{5E0FEC98-EB1F-4A16-A0B9-C564E7451CEC}.Debug|x64.ActiveCfg = Debug|x64
		{5E0FEC98-EB1F-4A16-A0B9-C564E7451CEC}.Debug|x64.Build.0 = Debug|x64
		{5E0FEC98-EB1F-4A16-A0B9-C564E7451CEC}.Debug|x86.ActiveCfg = Debug|Win32
		{5E0FEC98-EB1F-4A16-A0B9-C564E7451CEC}.Debug|x86.Build.0 = Debug|Win32
		{5E0FEC98-EB1F-4A16-A0B9-C564E7451CEC}.Release|x64.ActiveCfg = Release|x64
		{5E0FEC98-EB1F-4A16-A0B9-C564E7451CEC}.Release|x64.Build.0 = Release|x64
		{5E0FEC98-EB1F-4A16-A0B9-C564E7451CEC}.Release|x86.ActiveCfg = Release|Win32
		{5E0FEC98-EB1F-4A16-A0B9-C564E7451CEC}.Release|x86.Build.0 = Release|Win32
		{A6EB630C-D3B7-461D-A0F6-D15BBD1BEA1A}.Debug|x64.ActiveCfg = Debug|x64
		{A6EB630C-D3B7-461D-A0F6-D15BBD1BEA1A}.Debug|x64.Build.0 = Debug|x64
		{A6EB630C-D3B7-461D-A0F6-D15BBD1BEA1A}.Debug|x86.ActiveCfg = Debug|Win32
		{A6EB630C-D3B7-461D-A0F6-D15BBD1BEA1A}.Debug|x86.Build.0 = Debug|Win32
		{A6EB630C-D3B7-461D-A0F6-D15BBD1BEA1A}.Release|x64.ActiveCfg = Release|x64
		{A6EB630C-D3B7-461D-A0F6-D15BBD1BEA1A}.Release|x64.Build.0 = Release|x64
		{A6EB630C-D3B7-461D-A0F6-D15BBD1BEA1A}.Release|x86.ActiveCfg = Release|Win32
		{A6EB630C-D3B7-461D-A0F6-D15BBD1BEA1A}.Release|x86.Build.0 = Release|Win32
	EndGlobalSection
	GlobalSection(SolutionProperties) = preSolution
		HideSolutionNode = FALSE
	EndGlobalSection
	GlobalSection(ExtensibilityGlobals) = postSolution
		SolutionGuid = {A88149AD-7841-44B3-81B6-60EA821805CE}
	EndGlobalSection
EndGlobal
